
Microsoft Visual Studio Solution File, Format Version 12.00
# Visual Studio Version 17
VisualStudioVersion = 17.14.37027.9 d17.14
MinimumVisualStudioVersion = 10.0.40219.1
Project("{FAE04EC0-301F-11D3-BF4B-00C04F79EFBC}") = "FinancialSystem.Api", "FinancialSystem.Api\FinancialSystem.Api.csproj", "{75E92ECD-E870-4D18-924B-37F34C47430F}"
EndProject
Project("{FAE04EC0-301F-11D3-BF4B-00C04F79EFBC}") = "FinancialSystem.Domain", "FinancialSystem.Domain\FinancialSystem.Domain.csproj", "{7CF89A03-5013-4C53-8233-043953C03263}"
EndProject
Project("{FAE04EC0-301F-11D3-BF4B-00C04F79EFBC}") = "FinancialSystem.Application", "FinancialSystem.Application\FinancialSystem.Application.csproj", "{2C40D2DB-5001-4B81-86F7-2C9754715330}"
EndProject
Project("{FAE04EC0-301F-11D3-BF4B-00C04F79EFBC}") = "FinancialSystem.Infrastructure", "FinancialSystem.Infrastructure\FinancialSystem.Infrastructure.csproj", "{A01E32E5-A077-4F8C-9A4F-58D367F92678}"
EndProject
Global
	GlobalSection(SolutionConfigurationPlatforms) = preSolution
		Debug|Any CPU = Debug|Any CPU
		Release|Any CPU = Release|Any CPU
	EndGlobalSection
	GlobalSection(ProjectConfigurationPlatforms) = postSolution
		{75E92ECD-E870-4D18-924B-37F34C47430F}.Debug|Any CPU.ActiveCfg = Debug|Any CPU
		{75E92ECD-E870-4D18-924B-37F34C47430F}.Debug|Any CPU.Build.0 = Debug|Any CPU
		{75E92ECD-E870-4D18-924B-37F34C47430F}.Release|Any CPU.ActiveCfg = Release|Any CPU
		{75E92ECD-E870-4D18-924B-37F34C47430F}.Release|Any CPU.Build.0 = Release|Any CPU
		{7CF89A03-5013-4C53-8233-043953C03263}.Debug|Any CPU.ActiveCfg = Debug|Any CPU
		{7CF89A03-5013-4C53-8233-043953C03263}.Debug|Any CPU.Build.0 = Debug|Any CPU
		{7CF89A03-5013-4C53-8233-043953C03263}.Release|Any CPU.ActiveCfg = Release|Any CPU
		{7CF89A03-5013-4C53-8233-043953C03263}.Release|Any CPU.Build.0 = Release|Any CPU
		{2C40D2DB-5001-4B81-86F7-2C9754715330}.Debug|Any CPU.ActiveCfg = Debug|Any CPU
		{2C40D2DB-5001-4B81-86F7-2C9754715330}.Debug|Any CPU.Build.0 = Debug|Any CPU
		{2C40D2DB-5001-4B81-86F7-2C9754715330}.Release|Any CPU.ActiveCfg = Release|Any CPU
		{2C40D2DB-5001-4B81-86F7-2C9754715330}.Release|Any CPU.Build.0 = Release|Any CPU
		{A01E32E5-A077-4F8C-9A4F-58D367F92678}.Debug|Any CPU.ActiveCfg = Debug|Any CPU
		{A01E32E5-A077-4F8C-9A4F-58D367F92678}.Debug|Any CPU.Build.0 = Debug|Any CPU
		{A01E32E5-A077-4F8C-9A4F-58D367F92678}.Release|Any CPU.ActiveCfg = Release|Any CPU
		{A01E32E5-A077-4F8C-9A4F-58D367F92678}.Release|Any CPU.Build.0 = Release|Any CPU
	EndGlobalSection
	GlobalSection(SolutionProperties) = preSolution
		HideSolutionNode = FALSE
	EndGlobalSection
	GlobalSection(ExtensibilityGlobals) = postSolution
		SolutionGuid = {24107939-5E72-4038-9BD2-E2D3CDE00FA3}
	EndGlobalSection
EndGlobal
